
Microsoft Visual Studio Solution File, Format Version 12.00
# Visual Studio 15
VisualStudioVersion = 15.0.27130.2036
MinimumVisualStudioVersion = 10.0.40219.1
Project("{FAE04EC0-301F-11D3-BF4B-00C04F79EFBC}") = "Rolf", "Rolf\Rolf.csproj", "{B6D90A05-BE0F-46F0-83EF-E474D093CE2C}"
EndProject
Global
	GlobalSection(SolutionConfigurationPlatforms) = preSolution
		Debug|Any CPU = Debug|Any CPU
		Release|Any CPU = Release|Any CPU
	EndGlobalSection
	GlobalSection(ProjectConfigurationPlatforms) = postSolution
		{B6D90A05-BE0F-46F0-83EF-E474D093CE2C}.Debug|Any CPU.ActiveCfg = Debug|Any CPU
		{B6D90A05-BE0F-46F0-83EF-E474D093CE2C}.Debug|Any CPU.Build.0 = Debug|Any CPU
		{B6D90A05-BE0F-46F0-83EF-E474D093CE2C}.Release|Any CPU.ActiveCfg = Release|Any CPU
		{B6D90A05-BE0F-46F0-83EF-E474D093CE2C}.Release|Any CPU.Build.0 = Release|Any CPU
	EndGlobalSection
	GlobalSection(SolutionProperties) = preSolution
		HideSolutionNode = FALSE
	EndGlobalSection
	GlobalSection(ExtensibilityGlobals) = postSolution
		SolutionGuid = {3B9BA67E-5B2B-468E-907A-FDD6FAFC8C41}
	EndGlobalSection
EndGlobal
